
Microsoft Visual Studio Solution File, Format Version 12.00
# Visual Studio 2013
VisualStudioVersion = 12.0.31101.0
MinimumVisualStudioVersion = 10.0.40219.1
Project("{FAE04EC0-301F-11D3-BF4B-00C04F79EFBC}") = "Validator.Test", "Validator.Test.csproj", "{93949A1D-F658-47C9-8B94-33EF65028289}"
EndProject
Project("{FAE04EC0-301F-11D3-BF4B-00C04F79EFBC}") = "PhoneNumberValidator", "..\GitBisectDemo\PhoneNumberValidator\PhoneNumberValidator.csproj", "{58093E84-8009-40DD-A3BE-C8AA59DC0E8F}"
EndProject
Global
	GlobalSection(SolutionConfigurationPlatforms) = preSolution
		Debug|Any CPU = Debug|Any CPU
		Release|Any CPU = Release|Any CPU
	EndGlobalSection
	GlobalSection(ProjectConfigurationPlatforms) = postSolution
		{93949A1D-F658-47C9-8B94-33EF65028289}.Debug|Any CPU.ActiveCfg = Debug|Any CPU
		{93949A1D-F658-47C9-8B94-33EF65028289}.Debug|Any CPU.Build.0 = Debug|Any CPU
		{93949A1D-F658-47C9-8B94-33EF65028289}.Release|Any CPU.ActiveCfg = Release|Any CPU
		{93949A1D-F658-47C9-8B94-33EF65028289}.Release|Any CPU.Build.0 = Release|Any CPU
		{58093E84-8009-40DD-A3BE-C8AA59DC0E8F}.Debug|Any CPU.ActiveCfg = Debug|Any CPU
		{58093E84-8009-40DD-A3BE-C8AA59DC0E8F}.Debug|Any CPU.Build.0 = Debug|Any CPU
		{58093E84-8009-40DD-A3BE-C8AA59DC0E8F}.Release|Any CPU.ActiveCfg = Release|Any CPU
		{58093E84-8009-40DD-A3BE-C8AA59DC0E8F}.Release|Any CPU.Build.0 = Release|Any CPU
	EndGlobalSection
	GlobalSection(SolutionProperties) = preSolution
		HideSolutionNode = FALSE
	EndGlobalSection
EndGlobal
